{
  "name": "codekit-project",
  "version": "1.0.0",
  "lockfileVersion": 1,
  "requires": true,
  "dependencies": {
    "@fancyapps/ui": {
      "version": "4.0.25",
      "resolved": "https://registry.npmjs.org/@fancyapps/ui/-/ui-4.0.25.tgz",
      "integrity": "sha512-jZySO1cRTu+AOlHFKZBiKKX1BuaY56aX08j1Nzd7fijqi3c4YI05387QIl7POTWeqwjmfE+zSR0Hfn7fxL8NUg=="
    },
    "gsap": {
      "version": "file:../Motion_Graphics/gsap-bonus.tgz",
      "integrity": "sha512-ojXVAt6SdTIuKC+DYJVcDCjnRKPmu7f+VIOpXT2zmw/d6rYgPk1Fi7vG/YfJbMG7iWart3YBIOUbMx0prVBk9w=="
    },
    "multiscroll.js": {
      "version": "0.2.3",
      "resolved": "https://registry.npmjs.org/multiscroll.js/-/multiscroll.js-0.2.3.tgz",
      "integrity": "sha512-BCVm7MaISEqzBd/RFu2jTRPFYk1eRx5sCmxT2KFC+Qe522iqUNB/6b5qm7ZvIx0sMtcS0oeI6IXS22EkUQaHew=="
    },
    "split-grid": {
      "version": "1.0.11",
      "resolved": "https://registry.npmjs.org/split-grid/-/split-grid-1.0.11.tgz",
      "integrity": "sha512-ELtFtxc3r5we5GZfe6Fi0BFFxIi2M6BY1YEntBscKRDD3zx4JVHqx2VnTRSQu1BixCYSTH3MTjKd4esI2R7EgQ=="
    }
  }
}
